
Microsoft Visual Studio Solution File, Format Version 12.00
# Visual Studio Version 17
VisualStudioVersion = 17.0.31903.59
MinimumVisualStudioVersion = 10.0.40219.1
Project("{FAE04EC0-301F-11D3-BF4B-00C04F79EFBC}") = "API", "API\API.csproj", "{7F360616-854E-4257-9621-AA023B3F3E97}"
EndProject
Project("{FAE04EC0-301F-11D3-BF4B-00C04F79EFBC}") = "Infrastructure", "Infrastructure\Infrastructure.csproj", "{C94F2AD1-4A72-4D44-979A-22A4614211E0}"
EndProject
Project("{FAE04EC0-301F-11D3-BF4B-00C04F79EFBC}") = "Core", "Core\Core.csproj", "{CE89BBD4-9FEB-4616-AEB6-4FDF6D369BAB}"
EndProject
Global
	GlobalSection(SolutionConfigurationPlatforms) = preSolution
		Debug|Any CPU = Debug|Any CPU
		Release|Any CPU = Release|Any CPU
	EndGlobalSection
	GlobalSection(SolutionProperties) = preSolution
		HideSolutionNode = FALSE
	EndGlobalSection
	GlobalSection(ProjectConfigurationPlatforms) = postSolution
		{7F360616-854E-4257-9621-AA023B3F3E97}.Debug|Any CPU.ActiveCfg = Debug|Any CPU
		{7F360616-854E-4257-9621-AA023B3F3E97}.Debug|Any CPU.Build.0 = Debug|Any CPU
		{7F360616-854E-4257-9621-AA023B3F3E97}.Release|Any CPU.ActiveCfg = Release|Any CPU
		{7F360616-854E-4257-9621-AA023B3F3E97}.Release|Any CPU.Build.0 = Release|Any CPU
		{C94F2AD1-4A72-4D44-979A-22A4614211E0}.Debug|Any CPU.ActiveCfg = Debug|Any CPU
		{C94F2AD1-4A72-4D44-979A-22A4614211E0}.Debug|Any CPU.Build.0 = Debug|Any CPU
		{C94F2AD1-4A72-4D44-979A-22A4614211E0}.Release|Any CPU.ActiveCfg = Release|Any CPU
		{C94F2AD1-4A72-4D44-979A-22A4614211E0}.Release|Any CPU.Build.0 = Release|Any CPU
		{CE89BBD4-9FEB-4616-AEB6-4FDF6D369BAB}.Debug|Any CPU.ActiveCfg = Debug|Any CPU
		{CE89BBD4-9FEB-4616-AEB6-4FDF6D369BAB}.Debug|Any CPU.Build.0 = Debug|Any CPU
		{CE89BBD4-9FEB-4616-AEB6-4FDF6D369BAB}.Release|Any CPU.ActiveCfg = Release|Any CPU
		{CE89BBD4-9FEB-4616-AEB6-4FDF6D369BAB}.Release|Any CPU.Build.0 = Release|Any CPU
	EndGlobalSection
EndGlobal
